
Microsoft Visual Studio Solution File, Format Version 12.00
# Visual Studio Express 2013 for Windows Desktop
VisualStudioVersion = 12.0.21005.1
MinimumVisualStudioVersion = 10.0.40219.1
Project("{FAE04EC0-301F-11D3-BF4B-00C04F79EFBC}") = "Utilities", "Utilities\Utilities.csproj", "{02D61B0E-3147-44E2-B624-86F644C86A74}"
EndProject
Project("{FAE04EC0-301F-11D3-BF4B-00C04F79EFBC}") = "CTests", "CTests\CTests.csproj", "{F26D4A4E-59F4-461C-8F7F-0CC5F05C7091}"
EndProject
Project("{FAE04EC0-301F-11D3-BF4B-00C04F79EFBC}") = "UnitTests", "UnitTests\UnitTests.csproj", "{17FB32A2-50F7-4C4B-BDD2-363A696B717B}"
EndProject
Global
	GlobalSection(SolutionConfigurationPlatforms) = preSolution
		Debug|Any CPU = Debug|Any CPU
		Debug|Mixed Platforms = Debug|Mixed Platforms
		Debug|Win32 = Debug|Win32
		Debug|x64 = Debug|x64
		Debug|x86 = Debug|x86
		Release|Any CPU = Release|Any CPU
		Release|Mixed Platforms = Release|Mixed Platforms
		Release|Win32 = Release|Win32
		Release|x64 = Release|x64
		Release|x86 = Release|x86
	EndGlobalSection
	GlobalSection(ProjectConfigurationPlatforms) = postSolution
		{02D61B0E-3147-44E2-B624-86F644C86A74}.Debug|Any CPU.ActiveCfg = Debug|Any CPU
		{02D61B0E-3147-44E2-B624-86F644C86A74}.Debug|Any CPU.Build.0 = Debug|Any CPU
		{02D61B0E-3147-44E2-B624-86F644C86A74}.Debug|Mixed Platforms.ActiveCfg = Debug|Any CPU
		{02D61B0E-3147-44E2-B624-86F644C86A74}.Debug|Mixed Platforms.Build.0 = Debug|Any CPU
		{02D61B0E-3147-44E2-B624-86F644C86A74}.Debug|Win32.ActiveCfg = Debug|Any CPU
		{02D61B0E-3147-44E2-B624-86F644C86A74}.Debug|x64.ActiveCfg = Debug (x64)|x64
		{02D61B0E-3147-44E2-B624-86F644C86A74}.Debug|x64.Build.0 = Debug (x64)|x64
		{02D61B0E-3147-44E2-B624-86F644C86A74}.Debug|x86.ActiveCfg = Debug|x86
		{02D61B0E-3147-44E2-B624-86F644C86A74}.Debug|x86.Build.0 = Debug|x86
		{02D61B0E-3147-44E2-B624-86F644C86A74}.Release|Any CPU.ActiveCfg = Release|Any CPU
		{02D61B0E-3147-44E2-B624-86F644C86A74}.Release|Any CPU.Build.0 = Release|Any CPU
		{02D61B0E-3147-44E2-B624-86F644C86A74}.Release|Mixed Platforms.ActiveCfg = Release|Any CPU
		{02D61B0E-3147-44E2-B624-86F644C86A74}.Release|Mixed Platforms.Build.0 = Release|Any CPU
		{02D61B0E-3147-44E2-B624-86F644C86A74}.Release|Win32.ActiveCfg = Release|Any CPU
		{02D61B0E-3147-44E2-B624-86F644C86A74}.Release|x64.ActiveCfg = Release|Any CPU
		{02D61B0E-3147-44E2-B624-86F644C86A74}.Release|x86.ActiveCfg = Release|x86
		{02D61B0E-3147-44E2-B624-86F644C86A74}.Release|x86.Build.0 = Release|x86
		{F26D4A4E-59F4-461C-8F7F-0CC5F05C7091}.Debug|Any CPU.ActiveCfg = Debug|Any CPU
		{F26D4A4E-59F4-461C-8F7F-0CC5F05C7091}.Debug|Any CPU.Build.0 = Debug|Any CPU
		{F26D4A4E-59F4-461C-8F7F-0CC5F05C7091}.Debug|Mixed Platforms.ActiveCfg = Debug|Any CPU
		{F26D4A4E-59F4-461C-8F7F-0CC5F05C7091}.Debug|Mixed Platforms.Build.0 = Debug|Any CPU
		{F26D4A4E-59F4-461C-8F7F-0CC5F05C7091}.Debug|Win32.ActiveCfg = Debug|Any CPU
		{F26D4A4E-59F4-461C-8F7F-0CC5F05C7091}.Debug|x64.ActiveCfg = Debug (x64)|x64
		{F26D4A4E-59F4-461C-8F7F-0CC5F05C7091}.Debug|x64.Build.0 = Debug (x64)|x64
		{F26D4A4E-59F4-461C-8F7F-0CC5F05C7091}.Debug|x86.ActiveCfg = Debug|x86
		{F26D4A4E-59F4-461C-8F7F-0CC5F05C7091}.Debug|x86.Build.0 = Debug|x86
		{F26D4A4E-59F4-461C-8F7F-0CC5F05C7091}.Release|Any CPU.ActiveCfg = Release|Any CPU
		{F26D4A4E-59F4-461C-8F7F-0CC5F05C7091}.Release|Any CPU.Build.0 = Release|Any CPU
		{F26D4A4E-59F4-461C-8F7F-0CC5F05C7091}.Release|Mixed Platforms.ActiveCfg = Release|Any CPU
		{F26D4A4E-59F4-461C-8F7F-0CC5F05C7091}.Release|Mixed Platforms.Build.0 = Release|Any CPU
		{F26D4A4E-59F4-461C-8F7F-0CC5F05C7091}.Release|Win32.ActiveCfg = Release|Any CPU
		{F26D4A4E-59F4-461C-8F7F-0CC5F05C7091}.Release|x64.ActiveCfg = Release|Any CPU
		{F26D4A4E-59F4-461C-8F7F-0CC5F05C7091}.Release|x86.ActiveCfg = Release|x86
		{F26D4A4E-59F4-461C-8F7F-0CC5F05C7091}.Release|x86.Build.0 = Release|x86
		{17FB32A2-50F7-4C4B-BDD2-363A696B717B}.Debug|Any CPU.ActiveCfg = Debug|Any CPU
		{17FB32A2-50F7-4C4B-BDD2-363A696B717B}.Debug|Any CPU.Build.0 = Debug|Any CPU
		{17FB32A2-50F7-4C4B-BDD2-363A696B717B}.Debug|Mixed Platforms.ActiveCfg = Debug|Any CPU
		{17FB32A2-50F7-4C4B-BDD2-363A696B717B}.Debug|Mixed Platforms.Build.0 = Debug|Any CPU
		{17FB32A2-50F7-4C4B-BDD2-363A696B717B}.Debug|Win32.ActiveCfg = Debug|Any CPU
		{17FB32A2-50F7-4C4B-BDD2-363A696B717B}.Debug|x64.ActiveCfg = Debug|Any CPU
		{17FB32A2-50F7-4C4B-BDD2-363A696B717B}.Debug|x86.ActiveCfg = Debug|Any CPU
		{17FB32A2-50F7-4C4B-BDD2-363A696B717B}.Release|Any CPU.ActiveCfg = Release|Any CPU
		{17FB32A2-50F7-4C4B-BDD2-363A696B717B}.Release|Any CPU.Build.0 = Release|Any CPU
		{17FB32A2-50F7-4C4B-BDD2-363A696B717B}.Release|Mixed Platforms.ActiveCfg = Release|Any CPU
		{17FB32A2-50F7-4C4B-BDD2-363A696B717B}.Release|Mixed Platforms.Build.0 = Release|Any CPU
		{17FB32A2-50F7-4C4B-BDD2-363A696B717B}.Release|Win32.ActiveCfg = Release|Any CPU
		{17FB32A2-50F7-4C4B-BDD2-363A696B717B}.Release|x64.ActiveCfg = Release|Any CPU
		{17FB32A2-50F7-4C4B-BDD2-363A696B717B}.Release|x86.ActiveCfg = Release|Any CPU
	EndGlobalSection
	GlobalSection(SolutionProperties) = preSolution
		HideSolutionNode = FALSE
	EndGlobalSection
EndGlobal
